
Microsoft Visual Studio Solution File, Format Version 12.00
# Visual Studio Version 16
VisualStudioVersion = 16.0.31624.102
MinimumVisualStudioVersion = 10.0.40219.1
Project("{FAE04EC0-301F-11D3-BF4B-00C04F79EFBC}") = "ConsoleApp1", "ConsoleApp1\ConsoleApp1.csproj", "{737EA106-B7E3-47AB-8533-0C42EE4131FF}"
EndProject
Global
	GlobalSection(SolutionConfigurationPlatforms) = preSolution
		Debug|Any CPU = Debug|Any CPU
		Release|Any CPU = Release|Any CPU
	EndGlobalSection
	GlobalSection(ProjectConfigurationPlatforms) = postSolution
		{737EA106-B7E3-47AB-8533-0C42EE4131FF}.Debug|Any CPU.ActiveCfg = Debug|Any CPU
		{737EA106-B7E3-47AB-8533-0C42EE4131FF}.Debug|Any CPU.Build.0 = Debug|Any CPU
		{737EA106-B7E3-47AB-8533-0C42EE4131FF}.Release|Any CPU.ActiveCfg = Release|Any CPU
		{737EA106-B7E3-47AB-8533-0C42EE4131FF}.Release|Any CPU.Build.0 = Release|Any CPU
	EndGlobalSection
	GlobalSection(SolutionProperties) = preSolution
		HideSolutionNode = FALSE
	EndGlobalSection
	GlobalSection(ExtensibilityGlobals) = postSolution
		SolutionGuid = {F901EFEB-D9D2-4720-B082-A492E2A86018}
	EndGlobalSection
EndGlobal
